{
  "name": "highlight-line",
  "version": "0.12.0",
  "lockfileVersion": 1,
  "dependencies": {
    "balanced-match": {
      "version": "1.0.0",
      "resolved": "http://registry.npm.taobao.org/balanced-match/download/balanced-match-1.0.0.tgz",
      "integrity": "sha1-ibTRmasr7kneFk6gK4nORi1xt2c=",
      "dev": true
    },
    "brace-expansion": {
      "version": "1.1.8",
      "resolved": "http://registry.npm.taobao.org/brace-expansion/download/brace-expansion-1.1.8.tgz",
      "integrity": "sha1-wHshHHyVLsH479Uad+8NHTmQopI=",
      "dev": true
    },
    "coffee-script": {
      "version": "1.9.0",
      "resolved": "http://registry.npm.taobao.org/coffee-script/download/coffee-script-1.9.0.tgz",
      "integrity": "sha1-dJLLvD8DYcxdiGWv9yN1Uv8z4fc=",
      "dev": true
    },
    "coffeelint": {
      "version": "1.8.1",
      "resolved": "http://registry.npm.taobao.org/coffeelint/download/coffeelint-1.8.1.tgz",
      "integrity": "sha1-hHkQpMfepCRiAlXDur6hPqGIBwU=",
      "dev": true,
      "dependencies": {
        "coffee-script": {
          "version": "1.7.1",
          "resolved": "http://registry.npm.taobao.org/coffee-script/download/coffee-script-1.7.1.tgz",
          "integrity": "sha1-YplqhheAx15tUGnROCJyO3NAS/w=",
          "dev": true
        }
      }
    },
    "coffeelint-jasmine": {
      "version": "0.0.2",
      "resolved": "http://registry.npm.taobao.org/coffeelint-jasmine/download/coffeelint-jasmine-0.0.2.tgz",
      "integrity": "sha1-PbGILSucn/+rr7aD4+iRS9CtsUw=",
      "dev": true
    },
    "concat-map": {
      "version": "0.0.1",
      "resolved": "http://registry.npm.taobao.org/concat-map/download/concat-map-0.0.1.tgz",
      "integrity": "sha1-2Klr13/Wjfd5OnMDajug1UBdR3s=",
      "dev": true
    },
    "glob": {
      "version": "4.5.3",
      "resolved": "http://registry.npm.taobao.org/glob/download/glob-4.5.3.tgz",
      "integrity": "sha1-xstz0yJsHv7wTePFbQEvAzd+4V8=",
      "dev": true
    },
    "ignore": {
      "version": "2.2.19",
      "resolved": "http://registry.npm.taobao.org/ignore/download/ignore-2.2.19.tgz",
      "integrity": "sha1-TIRaYfflC0pBD2FWqqOLatleDI8=",
      "dev": true
    },
    "inflight": {
      "version": "1.0.6",
      "resolved": "http://registry.npm.taobao.org/inflight/download/inflight-1.0.6.tgz",
      "integrity": "sha1-Sb1jMdfQLQwJvJEKEHW6gWW1bfk=",
      "dev": true
    },
    "inherits": {
      "version": "2.0.3",
      "resolved": "http://registry.npm.taobao.org/inherits/download/inherits-2.0.3.tgz",
      "integrity": "sha1-Yzwsg+PaQqUC9SRmAiSA9CCCYd4=",
      "dev": true
    },
    "minimatch": {
      "version": "2.0.10",
      "resolved": "http://registry.npm.taobao.org/minimatch/download/minimatch-2.0.10.tgz",
      "integrity": "sha1-jQh8OcazjAAbl/ynzm0OHoCvusc=",
      "dev": true
    },
    "minimist": {
      "version": "0.0.10",
      "resolved": "http://registry.npm.taobao.org/minimist/download/minimist-0.0.10.tgz",
      "integrity": "sha1-3j+YVD2/lggr5IrRoMfNqDYwHc8=",
      "dev": true
    },
    "mkdirp": {
      "version": "0.3.5",
      "resolved": "http://registry.npm.taobao.org/mkdirp/download/mkdirp-0.3.5.tgz",
      "integrity": "sha1-3j5fiWHIjHh+4TaN+EmsRBPsqNc=",
      "dev": true
    },
    "once": {
      "version": "1.4.0",
      "resolved": "http://registry.npm.taobao.org/once/download/once-1.4.0.tgz",
      "integrity": "sha1-WDsap3WWHUsROsF9nFC6753Xa9E=",
      "dev": true
    },
    "optimist": {
      "version": "0.6.1",
      "resolved": "http://registry.npm.taobao.org/optimist/download/optimist-0.6.1.tgz",
      "integrity": "sha1-2j6nRob6IaGaERwybpDrFaAZZoY=",
      "dev": true
    },
    "resolve": {
      "version": "0.6.3",
      "resolved": "http://registry.npm.taobao.org/resolve/download/resolve-0.6.3.tgz",
      "integrity": "sha1-3ZV5gufnNt699TtYpN2RdUV13UY=",
      "dev": true
    },
    "wordwrap": {
      "version": "0.0.3",
      "resolved": "http://registry.npm.taobao.org/wordwrap/download/wordwrap-0.0.3.tgz",
      "integrity": "sha1-o9XabNXAvAAI03I0u68b7WMFkQc=",
      "dev": true
    },
    "wrappy": {
      "version": "1.0.2",
      "resolved": "http://registry.npm.taobao.org/wrappy/download/wrappy-1.0.2.tgz",
      "integrity": "sha1-tSQ9jz7BqjXxNkYFvA0QNuMKtp8=",
      "dev": true
    }
  }
}
